
Microsoft Visual Studio Solution File, Format Version 11.00
# Visual Basic Express 2010
Project("{F184B08F-C81C-45F6-A57F-5ABD9991F28F}") = "SpaceInvaders3.0", "SpaceInvaders3.0\SpaceInvaders3.0.vbproj", "{A6CC8B9E-89DA-4ED3-8321-B26F436BCB39}"
EndProject
Global
	GlobalSection(SolutionConfigurationPlatforms) = preSolution
		Debug|x86 = Debug|x86
		Release|x86 = Release|x86
	EndGlobalSection
	GlobalSection(ProjectConfigurationPlatforms) = postSolution
		{A6CC8B9E-89DA-4ED3-8321-B26F436BCB39}.Debug|x86.ActiveCfg = Debug|x86
		{A6CC8B9E-89DA-4ED3-8321-B26F436BCB39}.Debug|x86.Build.0 = Debug|x86
		{A6CC8B9E-89DA-4ED3-8321-B26F436BCB39}.Release|x86.ActiveCfg = Release|x86
		{A6CC8B9E-89DA-4ED3-8321-B26F436BCB39}.Release|x86.Build.0 = Release|x86
	EndGlobalSection
	GlobalSection(SolutionProperties) = preSolution
		HideSolutionNode = FALSE
	EndGlobalSection
EndGlobal
